
Microsoft Visual Studio Solution File, Format Version 12.00
# Visual Studio Version 17
VisualStudioVersion = 17.8.34330.188
MinimumVisualStudioVersion = 10.0.40219.1
Project("{FAE04EC0-301F-11D3-BF4B-00C04F79EFBC}") = "NET20240413_PortScanner", "NET20240413_PortScanner.csproj", "{53C1FF1D-21E7-4BA2-AA0C-C1CCA1AC3B73}"
EndProject
Global
	GlobalSection(SolutionConfigurationPlatforms) = preSolution
		Debug|Any CPU = Debug|Any CPU
		Release|Any CPU = Release|Any CPU
	EndGlobalSection
	GlobalSection(ProjectConfigurationPlatforms) = postSolution
		{53C1FF1D-21E7-4BA2-AA0C-C1CCA1AC3B73}.Debug|Any CPU.ActiveCfg = Debug|Any CPU
		{53C1FF1D-21E7-4BA2-AA0C-C1CCA1AC3B73}.Debug|Any CPU.Build.0 = Debug|Any CPU
		{53C1FF1D-21E7-4BA2-AA0C-C1CCA1AC3B73}.Release|Any CPU.ActiveCfg = Release|Any CPU
		{53C1FF1D-21E7-4BA2-AA0C-C1CCA1AC3B73}.Release|Any CPU.Build.0 = Release|Any CPU
	EndGlobalSection
	GlobalSection(SolutionProperties) = preSolution
		HideSolutionNode = FALSE
	EndGlobalSection
	GlobalSection(ExtensibilityGlobals) = postSolution
		SolutionGuid = {2F9AB106-4639-44E1-97BF-CFE8C4190D95}
	EndGlobalSection
EndGlobal
